
Microsoft Visual Studio Solution File, Format Version 12.00
# Visual Studio Version 17
VisualStudioVersion = 17.0.31919.166
MinimumVisualStudioVersion = 10.0.40219.1
Project("{9A19103F-16F7-4668-BE54-9A1E7A4F7556}") = "QRCoder.Core", "QRCoder.Core\QRCoder.Core.csproj", "{AA6BE23A-7813-4D2A-835E-B673631AE9F1}"
EndProject
Project("{9A19103F-16F7-4668-BE54-9A1E7A4F7556}") = "QRCoder.Core.Tests", "QRCoder.Core.Tests\QRCoder.Core.Tests.csproj", "{1B51624B-9915-4ED6-8FC1-1B7C472246E5}"
EndProject
Project("{2150E333-8FDC-42A3-9474-1A3956D46DE8}") = "solution-items", "solution-items", "{2B0CDADF-78AC-4F72-9947-0E651F075A69}"
	ProjectSection(SolutionItems) = preProject
		LICENSE.txt = LICENSE.txt
		readme.md = readme.md
	EndProjectSection
EndProject
Project("{2150E333-8FDC-42A3-9474-1A3956D46DE8}") = "Tests", "Tests", "{CEE9666A-9C6B-4EEB-AC80-516820E6C0EA}"
EndProject
Project("{2150E333-8FDC-42A3-9474-1A3956D46DE8}") = "src", "src", "{70547FAB-9DF7-4558-8B04-49B25BAC311D}"
EndProject
Project("{2150E333-8FDC-42A3-9474-1A3956D46DE8}") = "github", "github", "{961732E3-3980-46E0-8CA4-DA4BCB7C907B}"
	ProjectSection(SolutionItems) = preProject
		.github\dependabot.yml = .github\dependabot.yml
		.github\ISSUE_TEMPLATE.md = .github\ISSUE_TEMPLATE.md
		.github\PULL_REQUEST_TEMPLATE.md = .github\PULL_REQUEST_TEMPLATE.md
	EndProjectSection
EndProject
Project("{2150E333-8FDC-42A3-9474-1A3956D46DE8}") = "workflows", "workflows", "{C823921A-DA8E-4378-8910-9F22513AE27D}"
	ProjectSection(SolutionItems) = preProject
		.github\workflows\build-and-pack.yml = .github\workflows\build-and-pack.yml
		.github\workflows\codeql-analysis.yml = .github\workflows\codeql-analysis.yml
		.github\workflows\publish-nuget.yml = .github\workflows\publish-nuget.yml
		.github\workflows\snyk-analysis.yml = .github\workflows\snyk-analysis.yml
		.github\workflows\sonnar-analysis.yml = .github\workflows\sonnar-analysis.yml
	EndProjectSection
EndProject
Global
	GlobalSection(SolutionConfigurationPlatforms) = preSolution
		Debug|Any CPU = Debug|Any CPU
		Debug|ARM = Debug|ARM
		Debug|x64 = Debug|x64
		Debug|x86 = Debug|x86
		Release|Any CPU = Release|Any CPU
		Release|ARM = Release|ARM
		Release|x64 = Release|x64
		Release|x86 = Release|x86
	EndGlobalSection
	GlobalSection(ProjectConfigurationPlatforms) = postSolution
		{AA6BE23A-7813-4D2A-835E-B673631AE9F1}.Debug|Any CPU.ActiveCfg = Debug|Any CPU
		{AA6BE23A-7813-4D2A-835E-B673631AE9F1}.Debug|Any CPU.Build.0 = Debug|Any CPU
		{AA6BE23A-7813-4D2A-835E-B673631AE9F1}.Debug|ARM.ActiveCfg = Debug|Any CPU
		{AA6BE23A-7813-4D2A-835E-B673631AE9F1}.Debug|ARM.Build.0 = Debug|Any CPU
		{AA6BE23A-7813-4D2A-835E-B673631AE9F1}.Debug|x64.ActiveCfg = Debug|Any CPU
		{AA6BE23A-7813-4D2A-835E-B673631AE9F1}.Debug|x64.Build.0 = Debug|Any CPU
		{AA6BE23A-7813-4D2A-835E-B673631AE9F1}.Debug|x86.ActiveCfg = Debug|Any CPU
		{AA6BE23A-7813-4D2A-835E-B673631AE9F1}.Debug|x86.Build.0 = Debug|Any CPU
		{AA6BE23A-7813-4D2A-835E-B673631AE9F1}.Release|Any CPU.ActiveCfg = Release|Any CPU
		{AA6BE23A-7813-4D2A-835E-B673631AE9F1}.Release|Any CPU.Build.0 = Release|Any CPU
		{AA6BE23A-7813-4D2A-835E-B673631AE9F1}.Release|ARM.ActiveCfg = Release|Any CPU
		{AA6BE23A-7813-4D2A-835E-B673631AE9F1}.Release|ARM.Build.0 = Release|Any CPU
		{AA6BE23A-7813-4D2A-835E-B673631AE9F1}.Release|x64.ActiveCfg = Release|Any CPU
		{AA6BE23A-7813-4D2A-835E-B673631AE9F1}.Release|x64.Build.0 = Release|Any CPU
		{AA6BE23A-7813-4D2A-835E-B673631AE9F1}.Release|x86.ActiveCfg = Release|Any CPU
		{AA6BE23A-7813-4D2A-835E-B673631AE9F1}.Release|x86.Build.0 = Release|Any CPU
		{1B51624B-9915-4ED6-8FC1-1B7C472246E5}.Debug|Any CPU.ActiveCfg = Debug|Any CPU
		{1B51624B-9915-4ED6-8FC1-1B7C472246E5}.Debug|Any CPU.Build.0 = Debug|Any CPU
		{1B51624B-9915-4ED6-8FC1-1B7C472246E5}.Debug|ARM.ActiveCfg = Debug|Any CPU
		{1B51624B-9915-4ED6-8FC1-1B7C472246E5}.Debug|ARM.Build.0 = Debug|Any CPU
		{1B51624B-9915-4ED6-8FC1-1B7C472246E5}.Debug|x64.ActiveCfg = Debug|Any CPU
		{1B51624B-9915-4ED6-8FC1-1B7C472246E5}.Debug|x64.Build.0 = Debug|Any CPU
		{1B51624B-9915-4ED6-8FC1-1B7C472246E5}.Debug|x86.ActiveCfg = Debug|Any CPU
		{1B51624B-9915-4ED6-8FC1-1B7C472246E5}.Debug|x86.Build.0 = Debug|Any CPU
		{1B51624B-9915-4ED6-8FC1-1B7C472246E5}.Release|Any CPU.ActiveCfg = Release|Any CPU
		{1B51624B-9915-4ED6-8FC1-1B7C472246E5}.Release|ARM.ActiveCfg = Release|Any CPU
		{1B51624B-9915-4ED6-8FC1-1B7C472246E5}.Release|ARM.Build.0 = Release|Any CPU
		{1B51624B-9915-4ED6-8FC1-1B7C472246E5}.Release|x64.ActiveCfg = Release|Any CPU
		{1B51624B-9915-4ED6-8FC1-1B7C472246E5}.Release|x64.Build.0 = Release|Any CPU
		{1B51624B-9915-4ED6-8FC1-1B7C472246E5}.Release|x86.ActiveCfg = Release|Any CPU
		{1B51624B-9915-4ED6-8FC1-1B7C472246E5}.Release|x86.Build.0 = Release|Any CPU
	EndGlobalSection
	GlobalSection(SolutionProperties) = preSolution
		HideSolutionNode = FALSE
	EndGlobalSection
	GlobalSection(NestedProjects) = preSolution
		{AA6BE23A-7813-4D2A-835E-B673631AE9F1} = {70547FAB-9DF7-4558-8B04-49B25BAC311D}
		{1B51624B-9915-4ED6-8FC1-1B7C472246E5} = {CEE9666A-9C6B-4EEB-AC80-516820E6C0EA}
		{961732E3-3980-46E0-8CA4-DA4BCB7C907B} = {2B0CDADF-78AC-4F72-9947-0E651F075A69}
		{C823921A-DA8E-4378-8910-9F22513AE27D} = {961732E3-3980-46E0-8CA4-DA4BCB7C907B}
	EndGlobalSection
	GlobalSection(ExtensibilityGlobals) = postSolution
		SolutionGuid = {F1845CDF-5EE5-456F-B6C8-717E4E2284F4}
	EndGlobalSection
EndGlobal
