
Microsoft Visual Studio Solution File, Format Version 12.00
# Visual Studio Version 17
VisualStudioVersion = 17.9.34723.18
MinimumVisualStudioVersion = 10.0.40219.1
Project("{7CF6DF6D-3B04-46F8-A40B-537D21BCA0B4}") = "QRCoder.Core.Docs", "QRCoder.Core.Docs.shfbproj", "{1ACB79C9-FE69-4873-91AC-85A2177986C2}"
EndProject
Global
	GlobalSection(SolutionConfigurationPlatforms) = preSolution
		Debug|Any CPU = Debug|Any CPU
		Release|Any CPU = Release|Any CPU
	EndGlobalSection
	GlobalSection(ProjectConfigurationPlatforms) = postSolution
		{1ACB79C9-FE69-4873-91AC-85A2177986C2}.Debug|Any CPU.ActiveCfg = Debug|Any CPU
		{1ACB79C9-FE69-4873-91AC-85A2177986C2}.Debug|Any CPU.Build.0 = Debug|Any CPU
		{1ACB79C9-FE69-4873-91AC-85A2177986C2}.Release|Any CPU.ActiveCfg = Release|Any CPU
		{1ACB79C9-FE69-4873-91AC-85A2177986C2}.Release|Any CPU.Build.0 = Release|Any CPU
	EndGlobalSection
	GlobalSection(SolutionProperties) = preSolution
		HideSolutionNode = FALSE
	EndGlobalSection
	GlobalSection(ExtensibilityGlobals) = postSolution
		SolutionGuid = {F5ED1A13-44A7-4C06-8E04-66EBD7B9B8F1}
	EndGlobalSection
EndGlobal
